PODS:
  - GCDWebServer (3.4.1):
    - GCDWebServer/Core (= 3.4.1)
  - GCDWebServer/Core (3.4.1)
  - Nimble (7.0.2)
  - RxBlocking (3.5.0):
    - RxSwift (~> 3.4)
  - RxCocoa (3.5.0):
    - RxSwift (~> 3.4)
  - RxSwift (3.5.0)
  - RxTest (3.5.0):
    - RxSwift (~> 3.4)
  - SHMAVPlayerInterface (1.1.0):
    - RxCocoa (~> 3.5.0)
    - RxSwift (~> 3.5.0)

DEPENDENCIES:
  - GCDWebServer
  - Nimble
  - RxBlocking
  - RxTest
  - SHMAVPlayerInterface (from `../`)

EXTERNAL SOURCES:
  SHMAVPlayerInterface:
    :path: ../

SPEC CHECKSUMS:
  GCDWebServer: 1db60034fe0e78a4a8524bd6c7cd97cd3c589870
  Nimble: bfe1f814edabba69ff145cb1283e04ed636a67f2
  RxBlocking: 471315e18b87c5ed4b9d0c69a57dfdbca5c01af1
  RxCocoa: a0a09f45d0e5b48ecb6a4a7b4b4c89c88d3f633f
  RxSwift: 18ee9d78b45edb3b0b7e79916b47a116e6dbc842
  RxTest: 1763765fd0e2282b0eb44c9050effdd7fe7156d4
  SHMAVPlayerInterface: 30879fa639c9dd9461ae6e463f3d4e8d5a669a7a

PODFILE CHECKSUM: 3f06fb6c793c2364a40425550c423b4695087f20

COCOAPODS: 1.3.1
