// !$*UTF8*$!
{
	archiveVersion = 1;
	classes = {
	};
	objectVersion = 46;
	objects = {

/* Begin PBXBuildFile section */
		236EED729AE98F90225E500F /* Pods_SHMAVPlayerIntefaceExampleIOSTests.framework in Frameworks */ = {isa = PBXBuildFile; fileRef = 60121E6F64BBD859955DAB66 /* Pods_SHMAVPlayerIntefaceExampleIOSTests.framework */; };
		29089D7B1A8F62A6F8405D12 /* Pods_SHMAVPlayerInterfaceExampleTVOS.framework in Frameworks */ = {isa = PBXBuildFile; fileRef = 948E5258B8E2D4368917EF3C /* Pods_SHMAVPlayerInterfaceExampleTVOS.framework */; };
		340CC8C71ED40FBB007365C7 /* AVPlayer+RXTests.swift in Sources */ = {isa = PBXBuildFile; fileRef = 340CC8C61ED40FBB007365C7 /* AVPlayer+RXTests.swift */; };
		340CC8C81ED40FBB007365C7 /* AVPlayer+RXTests.swift in Sources */ = {isa = PBXBuildFile; fileRef = 340CC8C61ED40FBB007365C7 /* AVPlayer+RXTests.swift */; };
		340CC8CA1ED40FC7007365C7 /* AVPlayerItem+RXTests.swift in Sources */ = {isa = PBXBuildFile; fileRef = 340CC8C91ED40FC7007365C7 /* AVPlayerItem+RXTests.swift */; };
		340CC8CB1ED40FC7007365C7 /* AVPlayerItem+RXTests.swift in Sources */ = {isa = PBXBuildFile; fileRef = 340CC8C91ED40FC7007365C7 /* AVPlayerItem+RXTests.swift */; };
		340CC8CD1ED40FD1007365C7 /* Observable+IgnoreNilTests.swift in Sources */ = {isa = PBXBuildFile; fileRef = 340CC8CC1ED40FD1007365C7 /* Observable+IgnoreNilTests.swift */; };
		340CC8CE1ED40FD1007365C7 /* Observable+IgnoreNilTests.swift in Sources */ = {isa = PBXBuildFile; fileRef = 340CC8CC1ED40FD1007365C7 /* Observable+IgnoreNilTests.swift */; };
		340CC8D21ED41082007365C7 /* SHMTestCase.swift in Sources */ = {isa = PBXBuildFile; fileRef = 340CC8D11ED41082007365C7 /* SHMTestCase.swift */; };
		340CC8D31ED41082007365C7 /* SHMTestCase.swift in Sources */ = {isa = PBXBuildFile; fileRef = 340CC8D11ED41082007365C7 /* SHMTestCase.swift */; };
		3423A9651ECB07E300AA647D /* Assets.xcassets in Resources */ = {isa = PBXBuildFile; fileRef = 3423A94C1ECB07E300AA647D /* Assets.xcassets */; };
		3423A9661ECB07E300AA647D /* LaunchScreen.storyboard in Resources */ = {isa = PBXBuildFile; fileRef = 3423A94D1ECB07E300AA647D /* LaunchScreen.storyboard */; };
		3423A9671ECB07E300AA647D /* Main.storyboard in Resources */ = {isa = PBXBuildFile; fileRef = 3423A94F1ECB07E300AA647D /* Main.storyboard */; };
		3423A9721ECB07EB00AA647D /* SHMAVPlayerInterfaceTests.swift in Sources */ = {isa = PBXBuildFile; fileRef = 3423A9631ECB07E300AA647D /* SHMAVPlayerInterfaceTests.swift */; };
		3423A9731ECB07EB00AA647D /* XCTestCase+Wait.swift in Sources */ = {isa = PBXBuildFile; fileRef = 3423A9641ECB07E300AA647D /* XCTestCase+Wait.swift */; };
		3423A9741ECB07EC00AA647D /* SHMAVPlayerInterfaceTests.swift in Sources */ = {isa = PBXBuildFile; fileRef = 3423A9631ECB07E300AA647D /* SHMAVPlayerInterfaceTests.swift */; };
		3423A9751ECB07EC00AA647D /* XCTestCase+Wait.swift in Sources */ = {isa = PBXBuildFile; fileRef = 3423A9641ECB07E300AA647D /* XCTestCase+Wait.swift */; };
		3423A9801ECB083300AA647D /* LaunchScreen.storyboard in Resources */ = {isa = PBXBuildFile; fileRef = 3423A94D1ECB07E300AA647D /* LaunchScreen.storyboard */; };
		3423A9811ECB083300AA647D /* Main.storyboard in Resources */ = {isa = PBXBuildFile; fileRef = 3423A94F1ECB07E300AA647D /* Main.storyboard */; };
		3423A9821ECB083A00AA647D /* Assets.xcassets in Resources */ = {isa = PBXBuildFile; fileRef = 3423A9531ECB07E300AA647D /* Assets.xcassets */; };
		3423A9831ECB083B00AA647D /* Assets.xcassets in Resources */ = {isa = PBXBuildFile; fileRef = 3423A9531ECB07E300AA647D /* Assets.xcassets */; };
		3423A9841ECB083F00AA647D /* Main.storyboard in Resources */ = {isa = PBXBuildFile; fileRef = 3423A9541ECB07E300AA647D /* Main.storyboard */; };
		3423A9851ECB084100AA647D /* Main.storyboard in Resources */ = {isa = PBXBuildFile; fileRef = 3423A9541ECB07E300AA647D /* Main.storyboard */; };
		3423A9861ECB084700AA647D /* Assets.xcassets in Resources */ = {isa = PBXBuildFile; fileRef = 3423A94C1ECB07E300AA647D /* Assets.xcassets */; };
		343864AF1ED40D4C00562510 /* ViewController.swift in Sources */ = {isa = PBXBuildFile; fileRef = 343864A21ED40D4C00562510 /* ViewController.swift */; };
		343864B11ED40D4C00562510 /* ViewController.swift in Sources */ = {isa = PBXBuildFile; fileRef = 343864A21ED40D4C00562510 /* ViewController.swift */; };
		3440BA251EDC1B0100294F88 /* AppDelegate.swift in Sources */ = {isa = PBXBuildFile; fileRef = 3440BA211EDC1AF500294F88 /* AppDelegate.swift */; };
		3440BA261EDC1B0300294F88 /* AppDelegate.swift in Sources */ = {isa = PBXBuildFile; fileRef = 3440BA211EDC1AF500294F88 /* AppDelegate.swift */; };
		347666751ED45C2E00055930 /* AVPlayerExternalPlaybackMock.swift in Sources */ = {isa = PBXBuildFile; fileRef = 347666741ED45C2E00055930 /* AVPlayerExternalPlaybackMock.swift */; };
		347666761ED45C2E00055930 /* AVPlayerExternalPlaybackMock.swift in Sources */ = {isa = PBXBuildFile; fileRef = 347666741ED45C2E00055930 /* AVPlayerExternalPlaybackMock.swift */; };
		34E5BCD11EDD3ECF00F684B7 /* Logging.swift in Sources */ = {isa = PBXBuildFile; fileRef = 34E5BCC51EDD3ECF00F684B7 /* Logging.swift */; };
		34E5BCD21EDD3ECF00F684B7 /* CustomSlider.swift in Sources */ = {isa = PBXBuildFile; fileRef = 34E5BCC81EDD3ECF00F684B7 /* CustomSlider.swift */; };
		34E5BCD31EDD3ECF00F684B7 /* ExamplePlayerController+Overlay.swift in Sources */ = {isa = PBXBuildFile; fileRef = 34E5BCC91EDD3ECF00F684B7 /* ExamplePlayerController+Overlay.swift */; };
		34E5BCD41EDD3ECF00F684B7 /* ExamplePlayerController.xib in Resources */ = {isa = PBXBuildFile; fileRef = 34E5BCCA1EDD3ECF00F684B7 /* ExamplePlayerController.xib */; };
		34E5BCD51EDD3ECF00F684B7 /* ExamplePlayerControllerOverlayView.swift in Sources */ = {isa = PBXBuildFile; fileRef = 34E5BCCB1EDD3ECF00F684B7 /* ExamplePlayerControllerOverlayView.swift */; };
		34E5BCD61EDD3ECF00F684B7 /* ExamplePlayerControllerOverlayView.xib in Resources */ = {isa = PBXBuildFile; fileRef = 34E5BCCC1EDD3ECF00F684B7 /* ExamplePlayerControllerOverlayView.xib */; };
		34E5BCD71EDD3ECF00F684B7 /* ExamplePlayerController.swift in Sources */ = {isa = PBXBuildFile; fileRef = 34E5BCCD1EDD3ECF00F684B7 /* ExamplePlayerController.swift */; };
		34E5BCDA1EDD3ED400F684B7 /* Logging.swift in Sources */ = {isa = PBXBuildFile; fileRef = 34E5BCC51EDD3ECF00F684B7 /* Logging.swift */; };
		34E5BCDB1EDD3EE700F684B7 /* ExamplePlayerController+Overlay.swift in Sources */ = {isa = PBXBuildFile; fileRef = 34E5BCCF1EDD3ECF00F684B7 /* ExamplePlayerController+Overlay.swift */; };
		34E5BCDC1EDD3EE700F684B7 /* ExamplePlayerController.xib in Resources */ = {isa = PBXBuildFile; fileRef = 34E5BCD01EDD3ECF00F684B7 /* ExamplePlayerController.xib */; };
		34E5BCDD1EDD3EF400F684B7 /* ExamplePlayerController.swift in Sources */ = {isa = PBXBuildFile; fileRef = 34E5BCCD1EDD3ECF00F684B7 /* ExamplePlayerController.swift */; };
		E8E215C8C4490935D02DD034 /* Pods_SHMAVPlayerInterfaceExampleTVOSTests.framework in Frameworks */ = {isa = PBXBuildFile; fileRef = 22A373FC71264E29119597E8 /* Pods_SHMAVPlayerInterfaceExampleTVOSTests.framework */; };
		EA5882FD81AE361AD9840BCD /* Pods_SHMAVPlayerIntefaceExampleiOS.framework in Frameworks */ = {isa = PBXBuildFile; fileRef = 509E43ED191D83D55835FF88 /* Pods_SHMAVPlayerIntefaceExampleiOS.framework */; };
/* End PBXBuildFile section */

/* Begin PBXContainerItemProxy section */
		3423A90B1ECB06B300AA647D /* PBXContainerItemProxy */ = {
			isa = PBXContainerItemProxy;
			containerPortal = 3423A8EE1ECB06B300AA647D /* Project object */;
			proxyType = 1;
			remoteGlobalIDString = 3423A8F51ECB06B300AA647D;
			remoteInfo = SHMAVPlayerIntefaceExample;
		};
		3423A93E1ECB075000AA647D /* PBXContainerItemProxy */ = {
			isa = PBXContainerItemProxy;
			containerPortal = 3423A8EE1ECB06B300AA647D /* Project object */;
			proxyType = 1;
			remoteGlobalIDString = 3423A92C1ECB075000AA647D;
			remoteInfo = SHMAVPlayerInterfaceExampleTVOS;
		};
/* End PBXContainerItemProxy section */

/* Begin PBXFileReference section */
		22A373FC71264E29119597E8 /* Pods_SHMAVPlayerInterfaceExampleTVOSTests.framework */ = {isa = PBXFileReference; explicitFileType = wrapper.framework; includeInIndex = 0; path = Pods_SHMAVPlayerInterfaceExampleTVOSTests.framework; sourceTree = BUILT_PRODUCTS_DIR; };
		340CC8C61ED40FBB007365C7 /* AVPlayer+RXTests.swift */ = {isa = PBXFileReference; fileEncoding = 4; lastKnownFileType = sourcecode.swift; path = "AVPlayer+RXTests.swift"; sourceTree = "<group>"; };
		340CC8C91ED40FC7007365C7 /* AVPlayerItem+RXTests.swift */ = {isa = PBXFileReference; fileEncoding = 4; lastKnownFileType = sourcecode.swift; path = "AVPlayerItem+RXTests.swift"; sourceTree = "<group>"; };
		340CC8CC1ED40FD1007365C7 /* Observable+IgnoreNilTests.swift */ = {isa = PBXFileReference; fileEncoding = 4; lastKnownFileType = sourcecode.swift; path = "Observable+IgnoreNilTests.swift"; sourceTree = "<group>"; };
		340CC8D11ED41082007365C7 /* SHMTestCase.swift */ = {isa = PBXFileReference; fileEncoding = 4; lastKnownFileType = sourcecode.swift; path = SHMTestCase.swift; sourceTree = "<group>"; };
		3423A8F61ECB06B300AA647D /* SHMAVPlayerIntefaceExampleiOS.app */ = {isa = PBXFileReference; explicitFileType = wrapper.application; includeInIndex = 0; path = SHMAVPlayerIntefaceExampleiOS.app; sourceTree = BUILT_PRODUCTS_DIR; };
		3423A90A1ECB06B300AA647D /* SHMAVPlayerIntefaceExampleIOSTests.xctest */ = {isa = PBXFileReference; explicitFileType = wrapper.cfbundle; includeInIndex = 0; path = SHMAVPlayerIntefaceExampleIOSTests.xctest; sourceTree = BUILT_PRODUCTS_DIR; };
		3423A92D1ECB075000AA647D /* SHMAVPlayerInterfaceExampleTVOS.app */ = {isa = PBXFileReference; explicitFileType = wrapper.application; includeInIndex = 0; path = SHMAVPlayerInterfaceExampleTVOS.app; sourceTree = BUILT_PRODUCTS_DIR; };
		3423A93D1ECB075000AA647D /* SHMAVPlayerInterfaceExampleTVOSTests.xctest */ = {isa = PBXFileReference; explicitFileType = wrapper.cfbundle; includeInIndex = 0; path = SHMAVPlayerInterfaceExampleTVOSTests.xctest; sourceTree = BUILT_PRODUCTS_DIR; };
		3423A94C1ECB07E300AA647D /* Assets.xcassets */ = {isa = PBXFileReference; lastKnownFileType = folder.assetcatalog; path = Assets.xcassets; sourceTree = "<group>"; };
		3423A94E1ECB07E300AA647D /* Base */ = {isa = PBXFileReference; lastKnownFileType = file.storyboard; name = Base; path = Base.lproj/LaunchScreen.storyboard; sourceTree = "<group>"; };
		3423A9501ECB07E300AA647D /* Base */ = {isa = PBXFileReference; lastKnownFileType = file.storyboard; name = Base; path = Base.lproj/Main.storyboard; sourceTree = "<group>"; };
		3423A9511ECB07E300AA647D /* Info.plist */ = {isa = PBXFileReference; fileEncoding = 4; lastKnownFileType = text.plist.xml; path = Info.plist; sourceTree = "<group>"; };
		3423A9531ECB07E300AA647D /* Assets.xcassets */ = {isa = PBXFileReference; lastKnownFileType = folder.assetcatalog; path = Assets.xcassets; sourceTree = "<group>"; };
		3423A9551ECB07E300AA647D /* Base */ = {isa = PBXFileReference; lastKnownFileType = file.storyboard; name = Base; path = Base.lproj/Main.storyboard; sourceTree = "<group>"; };
		3423A9561ECB07E300AA647D /* Info.plist */ = {isa = PBXFileReference; fileEncoding = 4; lastKnownFileType = text.plist.xml; path = Info.plist; sourceTree = "<group>"; };
		3423A95F1ECB07E300AA647D /* Info.plist */ = {isa = PBXFileReference; fileEncoding = 4; lastKnownFileType = text.plist.xml; path = Info.plist; sourceTree = "<group>"; };
		3423A9611ECB07E300AA647D /* Info.plist */ = {isa = PBXFileReference; fileEncoding = 4; lastKnownFileType = text.plist.xml; path = Info.plist; sourceTree = "<group>"; };
		3423A9631ECB07E300AA647D /* SHMAVPlayerInterfaceTests.swift */ = {isa = PBXFileReference; fileEncoding = 4; lastKnownFileType = sourcecode.swift; path = SHMAVPlayerInterfaceTests.swift; sourceTree = "<group>"; };
		3423A9641ECB07E300AA647D /* XCTestCase+Wait.swift */ = {isa = PBXFileReference; fileEncoding = 4; lastKnownFileType = sourcecode.swift; path = "XCTestCase+Wait.swift"; sourceTree = "<group>"; };
		343864A21ED40D4C00562510 /* ViewController.swift */ = {isa = PBXFileReference; fileEncoding = 4; lastKnownFileType = sourcecode.swift; path = ViewController.swift; sourceTree = "<group>"; };
		3440BA211EDC1AF500294F88 /* AppDelegate.swift */ = {isa = PBXFileReference; fileEncoding = 4; lastKnownFileType = sourcecode.swift; path = AppDelegate.swift; sourceTree = "<group>"; };
		347666741ED45C2E00055930 /* AVPlayerExternalPlaybackMock.swift */ = {isa = PBXFileReference; fileEncoding = 4; lastKnownFileType = sourcecode.swift; path = AVPlayerExternalPlaybackMock.swift; sourceTree = "<group>"; };
		34E5BCC51EDD3ECF00F684B7 /* Logging.swift */ = {isa = PBXFileReference; fileEncoding = 4; lastKnownFileType = sourcecode.swift; path = Logging.swift; sourceTree = "<group>"; };
		34E5BCC81EDD3ECF00F684B7 /* CustomSlider.swift */ = {isa = PBXFileReference; fileEncoding = 4; lastKnownFileType = sourcecode.swift; path = CustomSlider.swift; sourceTree = "<group>"; };
		34E5BCC91EDD3ECF00F684B7 /* ExamplePlayerController+Overlay.swift */ = {isa = PBXFileReference; fileEncoding = 4; lastKnownFileType = sourcecode.swift; path = "ExamplePlayerController+Overlay.swift"; sourceTree = "<group>"; };
		34E5BCCA1EDD3ECF00F684B7 /* ExamplePlayerController.xib */ = {isa = PBXFileReference; fileEncoding = 4; lastKnownFileType = file.xib; path = ExamplePlayerController.xib; sourceTree = "<group>"; };
		34E5BCCB1EDD3ECF00F684B7 /* ExamplePlayerControllerOverlayView.swift */ = {isa = PBXFileReference; fileEncoding = 4; lastKnownFileType = sourcecode.swift; path = ExamplePlayerControllerOverlayView.swift; sourceTree = "<group>"; };
		34E5BCCC1EDD3ECF00F684B7 /* ExamplePlayerControllerOverlayView.xib */ = {isa = PBXFileReference; fileEncoding = 4; lastKnownFileType = file.xib; path = ExamplePlayerControllerOverlayView.xib; sourceTree = "<group>"; };
		34E5BCCD1EDD3ECF00F684B7 /* ExamplePlayerController.swift */ = {isa = PBXFileReference; fileEncoding = 4; lastKnownFileType = sourcecode.swift; path = ExamplePlayerController.swift; sourceTree = "<group>"; };
		34E5BCCF1EDD3ECF00F684B7 /* ExamplePlayerController+Overlay.swift */ = {isa = PBXFileReference; fileEncoding = 4; lastKnownFileType = sourcecode.swift; path = "ExamplePlayerController+Overlay.swift"; sourceTree = "<group>"; };
		34E5BCD01EDD3ECF00F684B7 /* ExamplePlayerController.xib */ = {isa = PBXFileReference; fileEncoding = 4; lastKnownFileType = file.xib; path = ExamplePlayerController.xib; sourceTree = "<group>"; };
		509E43ED191D83D55835FF88 /* Pods_SHMAVPlayerIntefaceExampleiOS.framework */ = {isa = PBXFileReference; explicitFileType = wrapper.framework; includeInIndex = 0; path = Pods_SHMAVPlayerIntefaceExampleiOS.framework; sourceTree = BUILT_PRODUCTS_DIR; };
		538F2B3266B2CF09E988F28E /* Pods-SHMAVPlayerInterfaceExampleTVOSTests.debug.xcconfig */ = {isa = PBXFileReference; includeInIndex = 1; lastKnownFileType = text.xcconfig; name = "Pods-SHMAVPlayerInterfaceExampleTVOSTests.debug.xcconfig"; path = "Pods/Target Support Files/Pods-SHMAVPlayerInterfaceExampleTVOSTests/Pods-SHMAVPlayerInterfaceExampleTVOSTests.debug.xcconfig"; sourceTree = "<group>"; };
		60121E6F64BBD859955DAB66 /* Pods_SHMAVPlayerIntefaceExampleIOSTests.framework */ = {isa = PBXFileReference; explicitFileType = wrapper.framework; includeInIndex = 0; path = Pods_SHMAVPlayerIntefaceExampleIOSTests.framework; sourceTree = BUILT_PRODUCTS_DIR; };
		6456163510795B94C62CEC38 /* Pods-SHMAVPlayerInterfaceExampleTVOS.debug.xcconfig */ = {isa = PBXFileReference; includeInIndex = 1; lastKnownFileType = text.xcconfig; name = "Pods-SHMAVPlayerInterfaceExampleTVOS.debug.xcconfig"; path = "Pods/Target Support Files/Pods-SHMAVPlayerInterfaceExampleTVOS/Pods-SHMAVPlayerInterfaceExampleTVOS.debug.xcconfig"; sourceTree = "<group>"; };
		705C1ADC165FD7373B8CBE72 /* Pods-SHMAVPlayerInterfaceExampleTVOSTests.release.xcconfig */ = {isa = PBXFileReference; includeInIndex = 1; lastKnownFileType = text.xcconfig; name = "Pods-SHMAVPlayerInterfaceExampleTVOSTests.release.xcconfig"; path = "Pods/Target Support Files/Pods-SHMAVPlayerInterfaceExampleTVOSTests/Pods-SHMAVPlayerInterfaceExampleTVOSTests.release.xcconfig"; sourceTree = "<group>"; };
		948E5258B8E2D4368917EF3C /* Pods_SHMAVPlayerInterfaceExampleTVOS.framework */ = {isa = PBXFileReference; explicitFileType = wrapper.framework; includeInIndex = 0; path = Pods_SHMAVPlayerInterfaceExampleTVOS.framework; sourceTree = BUILT_PRODUCTS_DIR; };
		A4810329C4DF6A2FD4D54227 /* Pods-SHMAVPlayerIntefaceExampleIOSTests.debug.xcconfig */ = {isa = PBXFileReference; includeInIndex = 1; lastKnownFileType = text.xcconfig; name = "Pods-SHMAVPlayerIntefaceExampleIOSTests.debug.xcconfig"; path = "Pods/Target Support Files/Pods-SHMAVPlayerIntefaceExampleIOSTests/Pods-SHMAVPlayerIntefaceExampleIOSTests.debug.xcconfig"; sourceTree = "<group>"; };
		C06055408199A0C3739BCB36 /* Pods-SHMAVPlayerInterfaceExampleTVOS.release.xcconfig */ = {isa = PBXFileReference; includeInIndex = 1; lastKnownFileType = text.xcconfig; name = "Pods-SHMAVPlayerInterfaceExampleTVOS.release.xcconfig"; path = "Pods/Target Support Files/Pods-SHMAVPlayerInterfaceExampleTVOS/Pods-SHMAVPlayerInterfaceExampleTVOS.release.xcconfig"; sourceTree = "<group>"; };
		DEC04FFBC632C6D6FE61C9D9 /* Pods-SHMAVPlayerIntefaceExampleiOS.release.xcconfig */ = {isa = PBXFileReference; includeInIndex = 1; lastKnownFileType = text.xcconfig; name = "Pods-SHMAVPlayerIntefaceExampleiOS.release.xcconfig"; path = "Pods/Target Support Files/Pods-SHMAVPlayerIntefaceExampleiOS/Pods-SHMAVPlayerIntefaceExampleiOS.release.xcconfig"; sourceTree = "<group>"; };
		EE25419BC6F6A0B75C177464 /* Pods-SHMAVPlayerIntefaceExampleIOSTests.release.xcconfig */ = {isa = PBXFileReference; includeInIndex = 1; lastKnownFileType = text.xcconfig; name = "Pods-SHMAVPlayerIntefaceExampleIOSTests.release.xcconfig"; path = "Pods/Target Support Files/Pods-SHMAVPlayerIntefaceExampleIOSTests/Pods-SHMAVPlayerIntefaceExampleIOSTests.release.xcconfig"; sourceTree = "<group>"; };
		F3B5E99C877B23261E014824 /* Pods-SHMAVPlayerIntefaceExampleiOS.debug.xcconfig */ = {isa = PBXFileReference; includeInIndex = 1; lastKnownFileType = text.xcconfig; name = "Pods-SHMAVPlayerIntefaceExampleiOS.debug.xcconfig"; path = "Pods/Target Support Files/Pods-SHMAVPlayerIntefaceExampleiOS/Pods-SHMAVPlayerIntefaceExampleiOS.debug.xcconfig"; sourceTree = "<group>"; };
/* End PBXFileReference section */

/* Begin PBXFrameworksBuildPhase section */
		3423A8F31ECB06B300AA647D /* Frameworks */ = {
			isa = PBXFrameworksBuildPhase;
			buildActionMask = 2147483647;
			files = (
				EA5882FD81AE361AD9840BCD /* Pods_SHMAVPlayerIntefaceExampleiOS.framework in Frameworks */,
			);
			runOnlyForDeploymentPostprocessing = 0;
		};
		3423A9071ECB06B300AA647D /* Frameworks */ = {
			isa = PBXFrameworksBuildPhase;
			buildActionMask = 2147483647;
			files = (
				236EED729AE98F90225E500F /* Pods_SHMAVPlayerIntefaceExampleIOSTests.framework in Frameworks */,
			);
			runOnlyForDeploymentPostprocessing = 0;
		};
		3423A92A1ECB075000AA647D /* Frameworks */ = {
			isa = PBXFrameworksBuildPhase;
			buildActionMask = 2147483647;
			files = (
				29089D7B1A8F62A6F8405D12 /* Pods_SHMAVPlayerInterfaceExampleTVOS.framework in Frameworks */,
			);
			runOnlyForDeploymentPostprocessing = 0;
		};
		3423A93A1ECB075000AA647D /* Frameworks */ = {
			isa = PBXFrameworksBuildPhase;
			buildActionMask = 2147483647;
			files = (
				E8E215C8C4490935D02DD034 /* Pods_SHMAVPlayerInterfaceExampleTVOSTests.framework in Frameworks */,
			);
			runOnlyForDeploymentPostprocessing = 0;
		};
/* End PBXFrameworksBuildPhase section */

/* Begin PBXGroup section */
		04FB94FA9F0D0289FF0B0651 /* Frameworks */ = {
			isa = PBXGroup;
			children = (
				60121E6F64BBD859955DAB66 /* Pods_SHMAVPlayerIntefaceExampleIOSTests.framework */,
				509E43ED191D83D55835FF88 /* Pods_SHMAVPlayerIntefaceExampleiOS.framework */,
				948E5258B8E2D4368917EF3C /* Pods_SHMAVPlayerInterfaceExampleTVOS.framework */,
				22A373FC71264E29119597E8 /* Pods_SHMAVPlayerInterfaceExampleTVOSTests.framework */,
			);
			name = Frameworks;
			sourceTree = "<group>";
		};
		3423A8ED1ECB06B300AA647D = {
			isa = PBXGroup;
			children = (
				3438649C1ED40D4C00562510 /* Example_source */,
				3423A94A1ECB07E300AA647D /* Resources */,
				3423A95C1ECB07E300AA647D /* Tests */,
				3423A8F71ECB06B300AA647D /* Products */,
				F3D56D62A95788B6B6B526F3 /* Pods */,
				04FB94FA9F0D0289FF0B0651 /* Frameworks */,
			);
			sourceTree = "<group>";
		};
		3423A8F71ECB06B300AA647D /* Products */ = {
			isa = PBXGroup;
			children = (
				3423A8F61ECB06B300AA647D /* SHMAVPlayerIntefaceExampleiOS.app */,
				3423A90A1ECB06B300AA647D /* SHMAVPlayerIntefaceExampleIOSTests.xctest */,
				3423A92D1ECB075000AA647D /* SHMAVPlayerInterfaceExampleTVOS.app */,
				3423A93D1ECB075000AA647D /* SHMAVPlayerInterfaceExampleTVOSTests.xctest */,
			);
			name = Products;
			sourceTree = "<group>";
		};
		3423A94A1ECB07E300AA647D /* Resources */ = {
			isa = PBXGroup;
			children = (
				3423A94B1ECB07E300AA647D /* ios */,
				3423A9521ECB07E300AA647D /* tvos */,
			);
			path = Resources;
			sourceTree = "<group>";
		};
		3423A94B1ECB07E300AA647D /* ios */ = {
			isa = PBXGroup;
			children = (
				3423A94C1ECB07E300AA647D /* Assets.xcassets */,
				3423A94D1ECB07E300AA647D /* LaunchScreen.storyboard */,
				3423A94F1ECB07E300AA647D /* Main.storyboard */,
				3423A9511ECB07E300AA647D /* Info.plist */,
			);
			path = ios;
			sourceTree = "<group>";
		};
		3423A9521ECB07E300AA647D /* tvos */ = {
			isa = PBXGroup;
			children = (
				3423A9531ECB07E300AA647D /* Assets.xcassets */,
				3423A9541ECB07E300AA647D /* Main.storyboard */,
				3423A9561ECB07E300AA647D /* Info.plist */,
			);
			path = tvos;
			sourceTree = "<group>";
		};
		3423A95C1ECB07E300AA647D /* Tests */ = {
			isa = PBXGroup;
			children = (
				3423A9621ECB07E300AA647D /* Source */,
				3423A95D1ECB07E300AA647D /* Resources */,
			);
			path = Tests;
			sourceTree = "<group>";
		};
		3423A95D1ECB07E300AA647D /* Resources */ = {
			isa = PBXGroup;
			children = (
				3423A95E1ECB07E300AA647D /* ios */,
				3423A9601ECB07E300AA647D /* tvos */,
			);
			path = Resources;
			sourceTree = "<group>";
		};
		3423A95E1ECB07E300AA647D /* ios */ = {
			isa = PBXGroup;
			children = (
				3423A95F1ECB07E300AA647D /* Info.plist */,
			);
			path = ios;
			sourceTree = "<group>";
		};
		3423A9601ECB07E300AA647D /* tvos */ = {
			isa = PBXGroup;
			children = (
				3423A9611ECB07E300AA647D /* Info.plist */,
			);
			path = tvos;
			sourceTree = "<group>";
		};
		3423A9621ECB07E300AA647D /* Source */ = {
			isa = PBXGroup;
			children = (
				3423A9641ECB07E300AA647D /* XCTestCase+Wait.swift */,
				340CC8D11ED41082007365C7 /* SHMTestCase.swift */,
				3423A9631ECB07E300AA647D /* SHMAVPlayerInterfaceTests.swift */,
				340CC8C61ED40FBB007365C7 /* AVPlayer+RXTests.swift */,
				340CC8C91ED40FC7007365C7 /* AVPlayerItem+RXTests.swift */,
				340CC8CC1ED40FD1007365C7 /* Observable+IgnoreNilTests.swift */,
				347666741ED45C2E00055930 /* AVPlayerExternalPlaybackMock.swift */,
			);
			path = Source;
			sourceTree = "<group>";
		};
		3438649C1ED40D4C00562510 /* Example_source */ = {
			isa = PBXGroup;
			children = (
				34E5BCC41EDD3ECF00F684B7 /* Misc */,
				34E5BCC61EDD3ECF00F684B7 /* ExamplePlayerController */,
				3440BA211EDC1AF500294F88 /* AppDelegate.swift */,
				343864A21ED40D4C00562510 /* ViewController.swift */,
			);
			path = Example_source;
			sourceTree = "<group>";
		};
		34E5BCC41EDD3ECF00F684B7 /* Misc */ = {
			isa = PBXGroup;
			children = (
				34E5BCC51EDD3ECF00F684B7 /* Logging.swift */,
			);
			path = Misc;
			sourceTree = "<group>";
		};
		34E5BCC61EDD3ECF00F684B7 /* ExamplePlayerController */ = {
			isa = PBXGroup;
			children = (
				34E5BCC71EDD3ECF00F684B7 /* ios */,
				34E5BCCE1EDD3ECF00F684B7 /* tvos */,
				34E5BCCD1EDD3ECF00F684B7 /* ExamplePlayerController.swift */,
			);
			name = ExamplePlayerController;
			path = MyPlayerContoller;
			sourceTree = "<group>";
		};
		34E5BCC71EDD3ECF00F684B7 /* ios */ = {
			isa = PBXGroup;
			children = (
				34E5BCC91EDD3ECF00F684B7 /* ExamplePlayerController+Overlay.swift */,
				34E5BCCA1EDD3ECF00F684B7 /* ExamplePlayerController.xib */,
				34E5BCCB1EDD3ECF00F684B7 /* ExamplePlayerControllerOverlayView.swift */,
				34E5BCCC1EDD3ECF00F684B7 /* ExamplePlayerControllerOverlayView.xib */,
				34E5BCC81EDD3ECF00F684B7 /* CustomSlider.swift */,
			);
			path = ios;
			sourceTree = "<group>";
		};
		34E5BCCE1EDD3ECF00F684B7 /* tvos */ = {
			isa = PBXGroup;
			children = (
				34E5BCCF1EDD3ECF00F684B7 /* ExamplePlayerController+Overlay.swift */,
				34E5BCD01EDD3ECF00F684B7 /* ExamplePlayerController.xib */,
			);
			path = tvos;
			sourceTree = "<group>";
		};
		F3D56D62A95788B6B6B526F3 /* Pods */ = {
			isa = PBXGroup;
			children = (
				A4810329C4DF6A2FD4D54227 /* Pods-SHMAVPlayerIntefaceExampleIOSTests.debug.xcconfig */,
				EE25419BC6F6A0B75C177464 /* Pods-SHMAVPlayerIntefaceExampleIOSTests.release.xcconfig */,
				F3B5E99C877B23261E014824 /* Pods-SHMAVPlayerIntefaceExampleiOS.debug.xcconfig */,
				DEC04FFBC632C6D6FE61C9D9 /* Pods-SHMAVPlayerIntefaceExampleiOS.release.xcconfig */,
				6456163510795B94C62CEC38 /* Pods-SHMAVPlayerInterfaceExampleTVOS.debug.xcconfig */,
				C06055408199A0C3739BCB36 /* Pods-SHMAVPlayerInterfaceExampleTVOS.release.xcconfig */,
				538F2B3266B2CF09E988F28E /* Pods-SHMAVPlayerInterfaceExampleTVOSTests.debug.xcconfig */,
				705C1ADC165FD7373B8CBE72 /* Pods-SHMAVPlayerInterfaceExampleTVOSTests.release.xcconfig */,
			);
			name = Pods;
			sourceTree = "<group>";
		};
/* End PBXGroup section */

/* Begin PBXNativeTarget section */
		3423A8F51ECB06B300AA647D /* SHMAVPlayerIntefaceExampleiOS */ = {
			isa = PBXNativeTarget;
			buildConfigurationList = 3423A9131ECB06B300AA647D /* Build configuration list for PBXNativeTarget "SHMAVPlayerIntefaceExampleiOS" */;
			buildPhases = (
				14D286F8487F3F3D5F6CEBB6 /* [CP] Check Pods Manifest.lock */,
				3440BA271EDC1C2800294F88 /* Swiftlint */,
				3423A8F21ECB06B300AA647D /* Sources */,
				3423A8F31ECB06B300AA647D /* Frameworks */,
				3423A8F41ECB06B300AA647D /* Resources */,
				574E138F13647DAE69F16BFA /* [CP] Embed Pods Frameworks */,
				AA2683E8965FFB39CC50AA91 /* [CP] Copy Pods Resources */,
			);
			buildRules = (
			);
			dependencies = (
			);
			name = SHMAVPlayerIntefaceExampleiOS;
			productName = SHMAVPlayerIntefaceExample;
			productReference = 3423A8F61ECB06B300AA647D /* SHMAVPlayerIntefaceExampleiOS.app */;
			productType = "com.apple.product-type.application";
		};
		3423A9091ECB06B300AA647D /* SHMAVPlayerIntefaceExampleIOSTests */ = {
			isa = PBXNativeTarget;
			buildConfigurationList = 3423A9161ECB06B300AA647D /* Build configuration list for PBXNativeTarget "SHMAVPlayerIntefaceExampleIOSTests" */;
			buildPhases = (
				11C811F2151350F6201A860E /* [CP] Check Pods Manifest.lock */,
				3423A9061ECB06B300AA647D /* Sources */,
				3423A9071ECB06B300AA647D /* Frameworks */,
				3423A9081ECB06B300AA647D /* Resources */,
				5D40514E9C18116AEDC39332 /* [CP] Embed Pods Frameworks */,
				867ECB56E8288C44FB0F9357 /* [CP] Copy Pods Resources */,
			);
			buildRules = (
			);
			dependencies = (
				3423A90C1ECB06B300AA647D /* PBXTargetDependency */,
			);
			name = SHMAVPlayerIntefaceExampleIOSTests;
			productName = SHMAVPlayerIntefaceExampleTests;
			productReference = 3423A90A1ECB06B300AA647D /* SHMAVPlayerIntefaceExampleIOSTests.xctest */;
			productType = "com.apple.product-type.bundle.unit-test";
		};
		3423A92C1ECB075000AA647D /* SHMAVPlayerInterfaceExampleTVOS */ = {
			isa = PBXNativeTarget;
			buildConfigurationList = 3423A9441ECB075000AA647D /* Build configuration list for PBXNativeTarget "SHMAVPlayerInterfaceExampleTVOS" */;
			buildPhases = (
				1614FBA2A1E745461AB58440 /* [CP] Check Pods Manifest.lock */,
				3440BA281EDC1C4700294F88 /* Swiftlint */,
				3423A9291ECB075000AA647D /* Sources */,
				3423A92A1ECB075000AA647D /* Frameworks */,
				3423A92B1ECB075000AA647D /* Resources */,
				E76303D87A3F0A298CD3E99F /* [CP] Embed Pods Frameworks */,
				8E8B094E93986E5925601A95 /* [CP] Copy Pods Resources */,
			);
			buildRules = (
			);
			dependencies = (
			);
			name = SHMAVPlayerInterfaceExampleTVOS;
			productName = SHMAVPlayerInterfaceExampleTVOS;
			productReference = 3423A92D1ECB075000AA647D /* SHMAVPlayerInterfaceExampleTVOS.app */;
			productType = "com.apple.product-type.application";
		};
		3423A93C1ECB075000AA647D /* SHMAVPlayerInterfaceExampleTVOSTests */ = {
			isa = PBXNativeTarget;
			buildConfigurationList = 3423A9471ECB075000AA647D /* Build configuration list for PBXNativeTarget "SHMAVPlayerInterfaceExampleTVOSTests" */;
			buildPhases = (
				F0DE05E2E61422BB19863C11 /* [CP] Check Pods Manifest.lock */,
				3423A9391ECB075000AA647D /* Sources */,
				3423A93A1ECB075000AA647D /* Frameworks */,
				3423A93B1ECB075000AA647D /* Resources */,
				29D11C61F60D6DB25136226B /* [CP] Embed Pods Frameworks */,
				7D7EA5211F618E38E23E2C53 /* [CP] Copy Pods Resources */,
			);
			buildRules = (
			);
			dependencies = (
				3423A93F1ECB075000AA647D /* PBXTargetDependency */,
			);
			name = SHMAVPlayerInterfaceExampleTVOSTests;
			productName = SHMAVPlayerInterfaceExampleTVOSTests;
			productReference = 3423A93D1ECB075000AA647D /* SHMAVPlayerInterfaceExampleTVOSTests.xctest */;
			productType = "com.apple.product-type.bundle.unit-test";
		};
/* End PBXNativeTarget section */

/* Begin PBXProject section */
		3423A8EE1ECB06B300AA647D /* Project object */ = {
			isa = PBXProject;
			attributes = {
				LastSwiftUpdateCheck = 0830;
				LastUpgradeCheck = 0830;
				ORGANIZATIONNAME = Showmax;
				TargetAttributes = {
					3423A8F51ECB06B300AA647D = {
						CreatedOnToolsVersion = 8.3.2;
						DevelopmentTeam = C226648446;
						ProvisioningStyle = Automatic;
					};
					3423A9091ECB06B300AA647D = {
						CreatedOnToolsVersion = 8.3.2;
						DevelopmentTeam = C226648446;
						ProvisioningStyle = Automatic;
						TestTargetID = 3423A8F51ECB06B300AA647D;
					};
					3423A92C1ECB075000AA647D = {
						CreatedOnToolsVersion = 8.3.2;
						DevelopmentTeam = C226648446;
						ProvisioningStyle = Automatic;
					};
					3423A93C1ECB075000AA647D = {
						CreatedOnToolsVersion = 8.3.2;
						DevelopmentTeam = C226648446;
						ProvisioningStyle = Automatic;
						TestTargetID = 3423A92C1ECB075000AA647D;
					};
				};
			};
			buildConfigurationList = 3423A8F11ECB06B300AA647D /* Build configuration list for PBXProject "SHMAVPlayerIntefaceExample" */;
			compatibilityVersion = "Xcode 3.2";
			developmentRegion = English;
			hasScannedForEncodings = 0;
			knownRegions = (
				en,
				Base,
			);
			mainGroup = 3423A8ED1ECB06B300AA647D;
			productRefGroup = 3423A8F71ECB06B300AA647D /* Products */;
			projectDirPath = "";
			projectRoot = "";
			targets = (
				3423A8F51ECB06B300AA647D /* SHMAVPlayerIntefaceExampleiOS */,
				3423A9091ECB06B300AA647D /* SHMAVPlayerIntefaceExampleIOSTests */,
				3423A92C1ECB075000AA647D /* SHMAVPlayerInterfaceExampleTVOS */,
				3423A93C1ECB075000AA647D /* SHMAVPlayerInterfaceExampleTVOSTests */,
			);
		};
/* End PBXProject section */

/* Begin PBXResourcesBuildPhase section */
		3423A8F41ECB06B300AA647D /* Resources */ = {
			isa = PBXResourcesBuildPhase;
			buildActionMask = 2147483647;
			files = (
				3423A9671ECB07E300AA647D /* Main.storyboard in Resources */,
				3423A9651ECB07E300AA647D /* Assets.xcassets in Resources */,
				34E5BCD41EDD3ECF00F684B7 /* ExamplePlayerController.xib in Resources */,
				3423A9661ECB07E300AA647D /* LaunchScreen.storyboard in Resources */,
				34E5BCD61EDD3ECF00F684B7 /* ExamplePlayerControllerOverlayView.xib in Resources */,
			);
			runOnlyForDeploymentPostprocessing = 0;
		};
		3423A9081ECB06B300AA647D /* Resources */ = {
			isa = PBXResourcesBuildPhase;
			buildActionMask = 2147483647;
			files = (
				3423A9801ECB083300AA647D /* LaunchScreen.storyboard in Resources */,
				3423A9861ECB084700AA647D /* Assets.xcassets in Resources */,
				3423A9811ECB083300AA647D /* Main.storyboard in Resources */,
			);
			runOnlyForDeploymentPostprocessing = 0;
		};
		3423A92B1ECB075000AA647D /* Resources */ = {
			isa = PBXResourcesBuildPhase;
			buildActionMask = 2147483647;
			files = (
				34E5BCDC1EDD3EE700F684B7 /* ExamplePlayerController.xib in Resources */,
				3423A9821ECB083A00AA647D /* Assets.xcassets in Resources */,
				3423A9841ECB083F00AA647D /* Main.storyboard in Resources */,
			);
			runOnlyForDeploymentPostprocessing = 0;
		};
		3423A93B1ECB075000AA647D /* Resources */ = {
			isa = PBXResourcesBuildPhase;
			buildActionMask = 2147483647;
			files = (
				3423A9831ECB083B00AA647D /* Assets.xcassets in Resources */,
				3423A9851ECB084100AA647D /* Main.storyboard in Resources */,
			);
			runOnlyForDeploymentPostprocessing = 0;
		};
/* End PBXResourcesBuildPhase section */

/* Begin PBXShellScriptBuildPhase section */
		11C811F2151350F6201A860E /* [CP] Check Pods Manifest.lock */ = {
			isa = PBXShellScriptBuildPhase;
			buildActionMask = 2147483647;
			files = (
			);
			inputPaths = (
			);
			name = "[CP] Check Pods Manifest.lock";
			outputPaths = (
			);
			runOnlyForDeploymentPostprocessing = 0;
			shellPath = /bin/sh;
			shellScript = "diff \"${PODS_PODFILE_DIR_PATH}/Podfile.lock\" \"${PODS_ROOT}/Manifest.lock\" > /dev/null\nif [ $? != 0 ] ; then\n    # print error to STDERR\n    echo \"error: The sandbox is not in sync with the Podfile.lock. Run 'pod install' or update your CocoaPods installation.\" >&2\n    exit 1\nfi\n";
			showEnvVarsInLog = 0;
		};
		14D286F8487F3F3D5F6CEBB6 /* [CP] Check Pods Manifest.lock */ = {
			isa = PBXShellScriptBuildPhase;
			buildActionMask = 2147483647;
			files = (
			);
			inputPaths = (
			);
			name = "[CP] Check Pods Manifest.lock";
			outputPaths = (
			);
			runOnlyForDeploymentPostprocessing = 0;
			shellPath = /bin/sh;
			shellScript = "diff \"${PODS_PODFILE_DIR_PATH}/Podfile.lock\" \"${PODS_ROOT}/Manifest.lock\" > /dev/null\nif [ $? != 0 ] ; then\n    # print error to STDERR\n    echo \"error: The sandbox is not in sync with the Podfile.lock. Run 'pod install' or update your CocoaPods installation.\" >&2\n    exit 1\nfi\n";
			showEnvVarsInLog = 0;
		};
		1614FBA2A1E745461AB58440 /* [CP] Check Pods Manifest.lock */ = {
			isa = PBXShellScriptBuildPhase;
			buildActionMask = 2147483647;
			files = (
			);
			inputPaths = (
			);
			name = "[CP] Check Pods Manifest.lock";
			outputPaths = (
			);
			runOnlyForDeploymentPostprocessing = 0;
			shellPath = /bin/sh;
			shellScript = "diff \"${PODS_PODFILE_DIR_PATH}/Podfile.lock\" \"${PODS_ROOT}/Manifest.lock\" > /dev/null\nif [ $? != 0 ] ; then\n    # print error to STDERR\n    echo \"error: The sandbox is not in sync with the Podfile.lock. Run 'pod install' or update your CocoaPods installation.\" >&2\n    exit 1\nfi\n";
			showEnvVarsInLog = 0;
		};
		29D11C61F60D6DB25136226B /* [CP] Embed Pods Frameworks */ = {
			isa = PBXShellScriptBuildPhase;
			buildActionMask = 2147483647;
			files = (
			);
			inputPaths = (
			);
			name = "[CP] Embed Pods Frameworks";
			outputPaths = (
			);
			runOnlyForDeploymentPostprocessing = 0;
			shellPath = /bin/sh;
			shellScript = "\"${SRCROOT}/Pods/Target Support Files/Pods-SHMAVPlayerInterfaceExampleTVOSTests/Pods-SHMAVPlayerInterfaceExampleTVOSTests-frameworks.sh\"\n";
			showEnvVarsInLog = 0;
		};
		3440BA271EDC1C2800294F88 /* Swiftlint */ = {
			isa = PBXShellScriptBuildPhase;
			buildActionMask = 2147483647;
			files = (
			);
			inputPaths = (
			);
			name = Swiftlint;
			outputPaths = (
			);
			runOnlyForDeploymentPostprocessing = 0;
			shellPath = /bin/sh;
			shellScript = "PATH=\"/usr/local/bin:${PATH}\"\nif which swiftlint >/dev/null; then\n   cd ..\n   swiftlint lint --config ../.swiftlint.yml --path Example/\n   swiftlint lint --config ../.swiftlint.yml --path Source/\nelse\n   echo \"warning: SwiftLint not installed, download from https://github.com/realm/SwiftLint\"\n   exit 1\nfi";
		};
		3440BA281EDC1C4700294F88 /* Swiftlint */ = {
			isa = PBXShellScriptBuildPhase;
			buildActionMask = 2147483647;
			files = (
			);
			inputPaths = (
			);
			name = Swiftlint;
			outputPaths = (
			);
			runOnlyForDeploymentPostprocessing = 0;
			shellPath = /bin/sh;
			shellScript = "PATH=\"/usr/local/bin:${PATH}\"\nif which swiftlint >/dev/null; then\n   cd ..\n   swiftlint lint --config ../.swiftlint.yml --path Example/\n   swiftlint lint --config ../.swiftlint.yml --path Source/\nelse\n   echo \"warning: SwiftLint not installed, download from https://github.com/realm/SwiftLint\"\n   exit 1\nfi";
		};
		574E138F13647DAE69F16BFA /* [CP] Embed Pods Frameworks */ = {
			isa = PBXShellScriptBuildPhase;
			buildActionMask = 2147483647;
			files = (
			);
			inputPaths = (
			);
			name = "[CP] Embed Pods Frameworks";
			outputPaths = (
			);
			runOnlyForDeploymentPostprocessing = 0;
			shellPath = /bin/sh;
			shellScript = "\"${SRCROOT}/Pods/Target Support Files/Pods-SHMAVPlayerIntefaceExampleiOS/Pods-SHMAVPlayerIntefaceExampleiOS-frameworks.sh\"\n";
			showEnvVarsInLog = 0;
		};
		5D40514E9C18116AEDC39332 /* [CP] Embed Pods Frameworks */ = {
			isa = PBXShellScriptBuildPhase;
			buildActionMask = 2147483647;
			files = (
			);
			inputPaths = (
			);
			name = "[CP] Embed Pods Frameworks";
			outputPaths = (
			);
			runOnlyForDeploymentPostprocessing = 0;
			shellPath = /bin/sh;
			shellScript = "\"${SRCROOT}/Pods/Target Support Files/Pods-SHMAVPlayerIntefaceExampleIOSTests/Pods-SHMAVPlayerIntefaceExampleIOSTests-frameworks.sh\"\n";
			showEnvVarsInLog = 0;
		};
		7D7EA5211F618E38E23E2C53 /* [CP] Copy Pods Resources */ = {
			isa = PBXShellScriptBuildPhase;
			buildActionMask = 2147483647;
			files = (
			);
			inputPaths = (
			);
			name = "[CP] Copy Pods Resources";
			outputPaths = (
			);
			runOnlyForDeploymentPostprocessing = 0;
			shellPath = /bin/sh;
			shellScript = "\"${SRCROOT}/Pods/Target Support Files/Pods-SHMAVPlayerInterfaceExampleTVOSTests/Pods-SHMAVPlayerInterfaceExampleTVOSTests-resources.sh\"\n";
			showEnvVarsInLog = 0;
		};
		867ECB56E8288C44FB0F9357 /* [CP] Copy Pods Resources */ = {
			isa = PBXShellScriptBuildPhase;
			buildActionMask = 2147483647;
			files = (
			);
			inputPaths = (
			);
			name = "[CP] Copy Pods Resources";
			outputPaths = (
			);
			runOnlyForDeploymentPostprocessing = 0;
			shellPath = /bin/sh;
			shellScript = "\"${SRCROOT}/Pods/Target Support Files/Pods-SHMAVPlayerIntefaceExampleIOSTests/Pods-SHMAVPlayerIntefaceExampleIOSTests-resources.sh\"\n";
			showEnvVarsInLog = 0;
		};
		8E8B094E93986E5925601A95 /* [CP] Copy Pods Resources */ = {
			isa = PBXShellScriptBuildPhase;
			buildActionMask = 2147483647;
			files = (
			);
			inputPaths = (
			);
			name = "[CP] Copy Pods Resources";
			outputPaths = (
			);
			runOnlyForDeploymentPostprocessing = 0;
			shellPath = /bin/sh;
			shellScript = "\"${SRCROOT}/Pods/Target Support Files/Pods-SHMAVPlayerInterfaceExampleTVOS/Pods-SHMAVPlayerInterfaceExampleTVOS-resources.sh\"\n";
			showEnvVarsInLog = 0;
		};
		AA2683E8965FFB39CC50AA91 /* [CP] Copy Pods Resources */ = {
			isa = PBXShellScriptBuildPhase;
			buildActionMask = 2147483647;
			files = (
			);
			inputPaths = (
			);
			name = "[CP] Copy Pods Resources";
			outputPaths = (
			);
			runOnlyForDeploymentPostprocessing = 0;
			shellPath = /bin/sh;
			shellScript = "\"${SRCROOT}/Pods/Target Support Files/Pods-SHMAVPlayerIntefaceExampleiOS/Pods-SHMAVPlayerIntefaceExampleiOS-resources.sh\"\n";
			showEnvVarsInLog = 0;
		};
		E76303D87A3F0A298CD3E99F /* [CP] Embed Pods Frameworks */ = {
			isa = PBXShellScriptBuildPhase;
			buildActionMask = 2147483647;
			files = (
			);
			inputPaths = (
			);
			name = "[CP] Embed Pods Frameworks";
			outputPaths = (
			);
			runOnlyForDeploymentPostprocessing = 0;
			shellPath = /bin/sh;
			shellScript = "\"${SRCROOT}/Pods/Target Support Files/Pods-SHMAVPlayerInterfaceExampleTVOS/Pods-SHMAVPlayerInterfaceExampleTVOS-frameworks.sh\"\n";
			showEnvVarsInLog = 0;
		};
		F0DE05E2E61422BB19863C11 /* [CP] Check Pods Manifest.lock */ = {
			isa = PBXShellScriptBuildPhase;
			buildActionMask = 2147483647;
			files = (
			);
			inputPaths = (
			);
			name = "[CP] Check Pods Manifest.lock";
			outputPaths = (
			);
			runOnlyForDeploymentPostprocessing = 0;
			shellPath = /bin/sh;
			shellScript = "diff \"${PODS_PODFILE_DIR_PATH}/Podfile.lock\" \"${PODS_ROOT}/Manifest.lock\" > /dev/null\nif [ $? != 0 ] ; then\n    # print error to STDERR\n    echo \"error: The sandbox is not in sync with the Podfile.lock. Run 'pod install' or update your CocoaPods installation.\" >&2\n    exit 1\nfi\n";
			showEnvVarsInLog = 0;
		};
/* End PBXShellScriptBuildPhase section */

/* Begin PBXSourcesBuildPhase section */
		3423A8F21ECB06B300AA647D /* Sources */ = {
			isa = PBXSourcesBuildPhase;
			buildActionMask = 2147483647;
			files = (
				34E5BCD51EDD3ECF00F684B7 /* ExamplePlayerControllerOverlayView.swift in Sources */,
				3440BA251EDC1B0100294F88 /* AppDelegate.swift in Sources */,
				34E5BCD21EDD3ECF00F684B7 /* CustomSlider.swift in Sources */,
				34E5BCD31EDD3ECF00F684B7 /* ExamplePlayerController+Overlay.swift in Sources */,
				343864AF1ED40D4C00562510 /* ViewController.swift in Sources */,
				34E5BCD71EDD3ECF00F684B7 /* ExamplePlayerController.swift in Sources */,
				34E5BCD11EDD3ECF00F684B7 /* Logging.swift in Sources */,
			);
			runOnlyForDeploymentPostprocessing = 0;
		};
		3423A9061ECB06B300AA647D /* Sources */ = {
			isa = PBXSourcesBuildPhase;
			buildActionMask = 2147483647;
			files = (
				340CC8CA1ED40FC7007365C7 /* AVPlayerItem+RXTests.swift in Sources */,
				3423A9721ECB07EB00AA647D /* SHMAVPlayerInterfaceTests.swift in Sources */,
				340CC8CD1ED40FD1007365C7 /* Observable+IgnoreNilTests.swift in Sources */,
				340CC8D21ED41082007365C7 /* SHMTestCase.swift in Sources */,
				340CC8C71ED40FBB007365C7 /* AVPlayer+RXTests.swift in Sources */,
				347666751ED45C2E00055930 /* AVPlayerExternalPlaybackMock.swift in Sources */,
				3423A9731ECB07EB00AA647D /* XCTestCase+Wait.swift in Sources */,
			);
			runOnlyForDeploymentPostprocessing = 0;
		};
		3423A9291ECB075000AA647D /* Sources */ = {
			isa = PBXSourcesBuildPhase;
			buildActionMask = 2147483647;
			files = (
				34E5BCDB1EDD3EE700F684B7 /* ExamplePlayerController+Overlay.swift in Sources */,
				343864B11ED40D4C00562510 /* ViewController.swift in Sources */,
				34E5BCDD1EDD3EF400F684B7 /* ExamplePlayerController.swift in Sources */,
				3440BA261EDC1B0300294F88 /* AppDelegate.swift in Sources */,
				34E5BCDA1EDD3ED400F684B7 /* Logging.swift in Sources */,
			);
			runOnlyForDeploymentPostprocessing = 0;
		};
		3423A9391ECB075000AA647D /* Sources */ = {
			isa = PBXSourcesBuildPhase;
			buildActionMask = 2147483647;
			files = (
				3423A9741ECB07EC00AA647D /* SHMAVPlayerInterfaceTests.swift in Sources */,
				340CC8CB1ED40FC7007365C7 /* AVPlayerItem+RXTests.swift in Sources */,
				340CC8CE1ED40FD1007365C7 /* Observable+IgnoreNilTests.swift in Sources */,
				340CC8D31ED41082007365C7 /* SHMTestCase.swift in Sources */,
				340CC8C81ED40FBB007365C7 /* AVPlayer+RXTests.swift in Sources */,
				347666761ED45C2E00055930 /* AVPlayerExternalPlaybackMock.swift in Sources */,
				3423A9751ECB07EC00AA647D /* XCTestCase+Wait.swift in Sources */,
			);
			runOnlyForDeploymentPostprocessing = 0;
		};
/* End PBXSourcesBuildPhase section */

/* Begin PBXTargetDependency section */
		3423A90C1ECB06B300AA647D /* PBXTargetDependency */ = {
			isa = PBXTargetDependency;
			target = 3423A8F51ECB06B300AA647D /* SHMAVPlayerIntefaceExampleiOS */;
			targetProxy = 3423A90B1ECB06B300AA647D /* PBXContainerItemProxy */;
		};
		3423A93F1ECB075000AA647D /* PBXTargetDependency */ = {
			isa = PBXTargetDependency;
			target = 3423A92C1ECB075000AA647D /* SHMAVPlayerInterfaceExampleTVOS */;
			targetProxy = 3423A93E1ECB075000AA647D /* PBXContainerItemProxy */;
		};
/* End PBXTargetDependency section */

/* Begin PBXVariantGroup section */
		3423A94D1ECB07E300AA647D /* LaunchScreen.storyboard */ = {
			isa = PBXVariantGroup;
			children = (
				3423A94E1ECB07E300AA647D /* Base */,
			);
			name = LaunchScreen.storyboard;
			sourceTree = "<group>";
		};
		3423A94F1ECB07E300AA647D /* Main.storyboard */ = {
			isa = PBXVariantGroup;
			children = (
				3423A9501ECB07E300AA647D /* Base */,
			);
			name = Main.storyboard;
			sourceTree = "<group>";
		};
		3423A9541ECB07E300AA647D /* Main.storyboard */ = {
			isa = PBXVariantGroup;
			children = (
				3423A9551ECB07E300AA647D /* Base */,
			);
			name = Main.storyboard;
			sourceTree = "<group>";
		};
/* End PBXVariantGroup section */

/* Begin XCBuildConfiguration section */
		3423A9111ECB06B300AA647D /* Debug */ = {
			isa = XCBuildConfiguration;
			buildSettings = {
				ALWAYS_SEARCH_USER_PATHS = NO;
				CLANG_ANALYZER_NONNULL = YES;
				CLANG_ANALYZER_NUMBER_OBJECT_CONVERSION = YES_AGGRESSIVE;
				CLANG_CXX_LANGUAGE_STANDARD = "gnu++0x";
				CLANG_CXX_LIBRARY = "libc++";
				CLANG_ENABLE_MODULES = YES;
				CLANG_ENABLE_OBJC_ARC = YES;
				CLANG_WARN_BOOL_CONVERSION = YES;
				CLANG_WARN_CONSTANT_CONVERSION = YES;
				CLANG_WARN_DIRECT_OBJC_ISA_USAGE = YES_ERROR;
				CLANG_WARN_DOCUMENTATION_COMMENTS = YES;
				CLANG_WARN_EMPTY_BODY = YES;
				CLANG_WARN_ENUM_CONVERSION = YES;
				CLANG_WARN_INFINITE_RECURSION = YES;
				CLANG_WARN_INT_CONVERSION = YES;
				CLANG_WARN_OBJC_ROOT_CLASS = YES_ERROR;
				CLANG_WARN_SUSPICIOUS_MOVE = YES;
				CLANG_WARN_UNREACHABLE_CODE = YES;
				CLANG_WARN__DUPLICATE_METHOD_MATCH = YES;
				"CODE_SIGN_IDENTITY[sdk=iphoneos*]" = "iPhone Developer";
				COPY_PHASE_STRIP = NO;
				DEBUG_INFORMATION_FORMAT = dwarf;
				ENABLE_STRICT_OBJC_MSGSEND = YES;
				ENABLE_TESTABILITY = YES;
				GCC_C_LANGUAGE_STANDARD = gnu99;
				GCC_DYNAMIC_NO_PIC = NO;
				GCC_NO_COMMON_BLOCKS = YES;
				GCC_OPTIMIZATION_LEVEL = 0;
				GCC_PREPROCESSOR_DEFINITIONS = (
					"DEBUG=1",
					"$(inherited)",
				);
				GCC_WARN_64_TO_32_BIT_CONVERSION = YES;
				GCC_WARN_ABOUT_RETURN_TYPE = YES_ERROR;
				GCC_WARN_UNDECLARED_SELECTOR = YES;
				GCC_WARN_UNINITIALIZED_AUTOS = YES_AGGRESSIVE;
				GCC_WARN_UNUSED_FUNCTION = YES;
				GCC_WARN_UNUSED_VARIABLE = YES;
				IPHONEOS_DEPLOYMENT_TARGET = 10.3;
				MTL_ENABLE_DEBUG_INFO = YES;
				ONLY_ACTIVE_ARCH = YES;
				SDKROOT = iphoneos;
				SWIFT_ACTIVE_COMPILATION_CONDITIONS = DEBUG;
				SWIFT_OPTIMIZATION_LEVEL = "-Onone";
				TARGETED_DEVICE_FAMILY = "1,2";
			};
			name = Debug;
		};
		3423A9121ECB06B300AA647D /* Release */ = {
			isa = XCBuildConfiguration;
			buildSettings = {
				ALWAYS_SEARCH_USER_PATHS = NO;
				CLANG_ANALYZER_NONNULL = YES;
				CLANG_ANALYZER_NUMBER_OBJECT_CONVERSION = YES_AGGRESSIVE;
				CLANG_CXX_LANGUAGE_STANDARD = "gnu++0x";
				CLANG_CXX_LIBRARY = "libc++";
				CLANG_ENABLE_MODULES = YES;
				CLANG_ENABLE_OBJC_ARC = YES;
				CLANG_WARN_BOOL_CONVERSION = YES;
				CLANG_WARN_CONSTANT_CONVERSION = YES;
				CLANG_WARN_DIRECT_OBJC_ISA_USAGE = YES_ERROR;
				CLANG_WARN_DOCUMENTATION_COMMENTS = YES;
				CLANG_WARN_EMPTY_BODY = YES;
				CLANG_WARN_ENUM_CONVERSION = YES;
				CLANG_WARN_INFINITE_RECURSION = YES;
				CLANG_WARN_INT_CONVERSION = YES;
				CLANG_WARN_OBJC_ROOT_CLASS = YES_ERROR;
				CLANG_WARN_SUSPICIOUS_MOVE = YES;
				CLANG_WARN_UNREACHABLE_CODE = YES;
				CLANG_WARN__DUPLICATE_METHOD_MATCH = YES;
				"CODE_SIGN_IDENTITY[sdk=iphoneos*]" = "iPhone Developer";
				COPY_PHASE_STRIP = NO;
				DEBUG_INFORMATION_FORMAT = "dwarf-with-dsym";
				ENABLE_NS_ASSERTIONS = NO;
				ENABLE_STRICT_OBJC_MSGSEND = YES;
				GCC_C_LANGUAGE_STANDARD = gnu99;
				GCC_NO_COMMON_BLOCKS = YES;
				GCC_WARN_64_TO_32_BIT_CONVERSION = YES;
				GCC_WARN_ABOUT_RETURN_TYPE = YES_ERROR;
				GCC_WARN_UNDECLARED_SELECTOR = YES;
				GCC_WARN_UNINITIALIZED_AUTOS = YES_AGGRESSIVE;
				GCC_WARN_UNUSED_FUNCTION = YES;
				GCC_WARN_UNUSED_VARIABLE = YES;
				IPHONEOS_DEPLOYMENT_TARGET = 10.3;
				MTL_ENABLE_DEBUG_INFO = NO;
				SDKROOT = iphoneos;
				SWIFT_OPTIMIZATION_LEVEL = "-Owholemodule";
				TARGETED_DEVICE_FAMILY = "1,2";
				VALIDATE_PRODUCT = YES;
			};
			name = Release;
		};
		3423A9141ECB06B300AA647D /* Debug */ = {
			isa = XCBuildConfiguration;
			baseConfigurationReference = F3B5E99C877B23261E014824 /* Pods-SHMAVPlayerIntefaceExampleiOS.debug.xcconfig */;
			buildSettings = {
				ASSETCATALOG_COMPILER_APPICON_NAME = AppIcon;
				DEVELOPMENT_TEAM = C226648446;
				GCC_TREAT_WARNINGS_AS_ERRORS = YES;
				INFOPLIST_FILE = "$(SRCROOT)/Resources/ios/Info.plist";
				IPHONEOS_DEPLOYMENT_TARGET = 9.3;
				LD_RUNPATH_SEARCH_PATHS = "$(inherited) @executable_path/Frameworks";
				PRODUCT_BUNDLE_IDENTIFIER = com.showmax.SHMAVPlayerIntefaceExample;
				PRODUCT_NAME = "$(TARGET_NAME)";
				SWIFT_VERSION = 3.0;
			};
			name = Debug;
		};
		3423A9151ECB06B300AA647D /* Release */ = {
			isa = XCBuildConfiguration;
			baseConfigurationReference = DEC04FFBC632C6D6FE61C9D9 /* Pods-SHMAVPlayerIntefaceExampleiOS.release.xcconfig */;
			buildSettings = {
				ASSETCATALOG_COMPILER_APPICON_NAME = AppIcon;
				DEVELOPMENT_TEAM = C226648446;
				GCC_TREAT_WARNINGS_AS_ERRORS = YES;
				INFOPLIST_FILE = "$(SRCROOT)/Resources/ios/Info.plist";
				IPHONEOS_DEPLOYMENT_TARGET = 9.3;
				LD_RUNPATH_SEARCH_PATHS = "$(inherited) @executable_path/Frameworks";
				PRODUCT_BUNDLE_IDENTIFIER = com.showmax.SHMAVPlayerIntefaceExample;
				PRODUCT_NAME = "$(TARGET_NAME)";
				SWIFT_VERSION = 3.0;
			};
			name = Release;
		};
		3423A9171ECB06B300AA647D /* Debug */ = {
			isa = XCBuildConfiguration;
			baseConfigurationReference = A4810329C4DF6A2FD4D54227 /* Pods-SHMAVPlayerIntefaceExampleIOSTests.debug.xcconfig */;
			buildSettings = {
				ALWAYS_EMBED_SWIFT_STANDARD_LIBRARIES = YES;
				BUNDLE_LOADER = "$(TEST_HOST)";
				DEVELOPMENT_TEAM = C226648446;
				INFOPLIST_FILE = Tests/Resources/ios/Info.plist;
				LD_RUNPATH_SEARCH_PATHS = "$(inherited) @executable_path/Frameworks @loader_path/Frameworks";
				PRODUCT_BUNDLE_IDENTIFIER = com.showmax.SHMAVPlayerIntefaceExampleTests;
				PRODUCT_NAME = "$(TARGET_NAME)";
				SWIFT_VERSION = 3.0;
				TEST_HOST = "$(BUILT_PRODUCTS_DIR)/SHMAVPlayerIntefaceExampleiOS.app/SHMAVPlayerIntefaceExampleiOS";
			};
			name = Debug;
		};
		3423A9181ECB06B300AA647D /* Release */ = {
			isa = XCBuildConfiguration;
			baseConfigurationReference = EE25419BC6F6A0B75C177464 /* Pods-SHMAVPlayerIntefaceExampleIOSTests.release.xcconfig */;
			buildSettings = {
				ALWAYS_EMBED_SWIFT_STANDARD_LIBRARIES = YES;
				BUNDLE_LOADER = "$(TEST_HOST)";
				DEVELOPMENT_TEAM = C226648446;
				INFOPLIST_FILE = Tests/Resources/ios/Info.plist;
				LD_RUNPATH_SEARCH_PATHS = "$(inherited) @executable_path/Frameworks @loader_path/Frameworks";
				PRODUCT_BUNDLE_IDENTIFIER = com.showmax.SHMAVPlayerIntefaceExampleTests;
				PRODUCT_NAME = "$(TARGET_NAME)";
				SWIFT_VERSION = 3.0;
				TEST_HOST = "$(BUILT_PRODUCTS_DIR)/SHMAVPlayerIntefaceExampleiOS.app/SHMAVPlayerIntefaceExampleiOS";
			};
			name = Release;
		};
		3423A9451ECB075000AA647D /* Debug */ = {
			isa = XCBuildConfiguration;
			baseConfigurationReference = 6456163510795B94C62CEC38 /* Pods-SHMAVPlayerInterfaceExampleTVOS.debug.xcconfig */;
			buildSettings = {
				ASSETCATALOG_COMPILER_APPICON_NAME = "App Icon & Top Shelf Image";
				ASSETCATALOG_COMPILER_LAUNCHIMAGE_NAME = LaunchImage;
				DEVELOPMENT_TEAM = C226648446;
				GCC_TREAT_WARNINGS_AS_ERRORS = YES;
				INFOPLIST_FILE = "$(SRCROOT)/Resources/tvos/Info.plist";
				LD_RUNPATH_SEARCH_PATHS = "$(inherited) @executable_path/Frameworks";
				PRODUCT_BUNDLE_IDENTIFIER = com.showmax.SHMAVPlayerInterfaceExampleTVOS;
				PRODUCT_NAME = "$(TARGET_NAME)";
				SDKROOT = appletvos;
				SWIFT_VERSION = 3.0;
				TARGETED_DEVICE_FAMILY = 3;
				TVOS_DEPLOYMENT_TARGET = 10.2;
			};
			name = Debug;
		};
		3423A9461ECB075000AA647D /* Release */ = {
			isa = XCBuildConfiguration;
			baseConfigurationReference = C06055408199A0C3739BCB36 /* Pods-SHMAVPlayerInterfaceExampleTVOS.release.xcconfig */;
			buildSettings = {
				ASSETCATALOG_COMPILER_APPICON_NAME = "App Icon & Top Shelf Image";
				ASSETCATALOG_COMPILER_LAUNCHIMAGE_NAME = LaunchImage;
				DEVELOPMENT_TEAM = C226648446;
				GCC_TREAT_WARNINGS_AS_ERRORS = YES;
				INFOPLIST_FILE = "$(SRCROOT)/Resources/tvos/Info.plist";
				LD_RUNPATH_SEARCH_PATHS = "$(inherited) @executable_path/Frameworks";
				PRODUCT_BUNDLE_IDENTIFIER = com.showmax.SHMAVPlayerInterfaceExampleTVOS;
				PRODUCT_NAME = "$(TARGET_NAME)";
				SDKROOT = appletvos;
				SWIFT_VERSION = 3.0;
				TARGETED_DEVICE_FAMILY = 3;
				TVOS_DEPLOYMENT_TARGET = 10.2;
			};
			name = Release;
		};
		3423A9481ECB075000AA647D /* Debug */ = {
			isa = XCBuildConfiguration;
			baseConfigurationReference = 538F2B3266B2CF09E988F28E /* Pods-SHMAVPlayerInterfaceExampleTVOSTests.debug.xcconfig */;
			buildSettings = {
				ALWAYS_EMBED_SWIFT_STANDARD_LIBRARIES = YES;
				BUNDLE_LOADER = "$(TEST_HOST)";
				DEVELOPMENT_TEAM = C226648446;
				INFOPLIST_FILE = Tests/Resources/tvos/Info.plist;
				LD_RUNPATH_SEARCH_PATHS = "$(inherited) @executable_path/Frameworks @loader_path/Frameworks";
				PRODUCT_BUNDLE_IDENTIFIER = com.showmax.SHMAVPlayerInterfaceExampleTVOSTests;
				PRODUCT_NAME = "$(TARGET_NAME)";
				SDKROOT = appletvos;
				SWIFT_VERSION = 3.0;
				TEST_HOST = "$(BUILT_PRODUCTS_DIR)/SHMAVPlayerInterfaceExampleTVOS.app/SHMAVPlayerInterfaceExampleTVOS";
				TVOS_DEPLOYMENT_TARGET = 10.2;
			};
			name = Debug;
		};
		3423A9491ECB075000AA647D /* Release */ = {
			isa = XCBuildConfiguration;
			baseConfigurationReference = 705C1ADC165FD7373B8CBE72 /* Pods-SHMAVPlayerInterfaceExampleTVOSTests.release.xcconfig */;
			buildSettings = {
				ALWAYS_EMBED_SWIFT_STANDARD_LIBRARIES = YES;
				BUNDLE_LOADER = "$(TEST_HOST)";
				DEVELOPMENT_TEAM = C226648446;
				INFOPLIST_FILE = Tests/Resources/tvos/Info.plist;
				LD_RUNPATH_SEARCH_PATHS = "$(inherited) @executable_path/Frameworks @loader_path/Frameworks";
				PRODUCT_BUNDLE_IDENTIFIER = com.showmax.SHMAVPlayerInterfaceExampleTVOSTests;
				PRODUCT_NAME = "$(TARGET_NAME)";
				SDKROOT = appletvos;
				SWIFT_VERSION = 3.0;
				TEST_HOST = "$(BUILT_PRODUCTS_DIR)/SHMAVPlayerInterfaceExampleTVOS.app/SHMAVPlayerInterfaceExampleTVOS";
				TVOS_DEPLOYMENT_TARGET = 10.2;
			};
			name = Release;
		};
/* End XCBuildConfiguration section */

/* Begin XCConfigurationList section */
		3423A8F11ECB06B300AA647D /* Build configuration list for PBXProject "SHMAVPlayerIntefaceExample" */ = {
			isa = XCConfigurationList;
			buildConfigurations = (
				3423A9111ECB06B300AA647D /* Debug */,
				3423A9121ECB06B300AA647D /* Release */,
			);
			defaultConfigurationIsVisible = 0;
			defaultConfigurationName = Release;
		};
		3423A9131ECB06B300AA647D /* Build configuration list for PBXNativeTarget "SHMAVPlayerIntefaceExampleiOS" */ = {
			isa = XCConfigurationList;
			buildConfigurations = (
				3423A9141ECB06B300AA647D /* Debug */,
				3423A9151ECB06B300AA647D /* Release */,
			);
			defaultConfigurationIsVisible = 0;
			defaultConfigurationName = Release;
		};
		3423A9161ECB06B300AA647D /* Build configuration list for PBXNativeTarget "SHMAVPlayerIntefaceExampleIOSTests" */ = {
			isa = XCConfigurationList;
			buildConfigurations = (
				3423A9171ECB06B300AA647D /* Debug */,
				3423A9181ECB06B300AA647D /* Release */,
			);
			defaultConfigurationIsVisible = 0;
			defaultConfigurationName = Release;
		};
		3423A9441ECB075000AA647D /* Build configuration list for PBXNativeTarget "SHMAVPlayerInterfaceExampleTVOS" */ = {
			isa = XCConfigurationList;
			buildConfigurations = (
				3423A9451ECB075000AA647D /* Debug */,
				3423A9461ECB075000AA647D /* Release */,
			);
			defaultConfigurationIsVisible = 0;
			defaultConfigurationName = Release;
		};
		3423A9471ECB075000AA647D /* Build configuration list for PBXNativeTarget "SHMAVPlayerInterfaceExampleTVOSTests" */ = {
			isa = XCConfigurationList;
			buildConfigurations = (
				3423A9481ECB075000AA647D /* Debug */,
				3423A9491ECB075000AA647D /* Release */,
			);
			defaultConfigurationIsVisible = 0;
			defaultConfigurationName = Release;
		};
/* End XCConfigurationList section */
	};
	rootObject = 3423A8EE1ECB06B300AA647D /* Project object */;
}
